
Microsoft Visual Studio Solution File, Format Version 12.00
# Visual Studio Version 17
VisualStudioVersion = 17.1.32228.430
MinimumVisualStudioVersion = 10.0.40219.1
Project("{FAE04EC0-301F-11D3-BF4B-00C04F79EFBC}") = "AttributeLearn3", "AttributeLearn3.csproj", "{AE2641B7-0287-4478-9FF3-846D8FF7C386}"
EndProject
Global
	GlobalSection(SolutionConfigurationPlatforms) = preSolution
		Debug|Any CPU = Debug|Any CPU
		Release|Any CPU = Release|Any CPU
	EndGlobalSection
	GlobalSection(ProjectConfigurationPlatforms) = postSolution
		{AE2641B7-0287-4478-9FF3-846D8FF7C386}.Debug|Any CPU.ActiveCfg = Debug|Any CPU
		{AE2641B7-0287-4478-9FF3-846D8FF7C386}.Debug|Any CPU.Build.0 = Debug|Any CPU
		{AE2641B7-0287-4478-9FF3-846D8FF7C386}.Release|Any CPU.ActiveCfg = Release|Any CPU
		{AE2641B7-0287-4478-9FF3-846D8FF7C386}.Release|Any CPU.Build.0 = Release|Any CPU
	EndGlobalSection
	GlobalSection(SolutionProperties) = preSolution
		HideSolutionNode = FALSE
	EndGlobalSection
	GlobalSection(ExtensibilityGlobals) = postSolution
		SolutionGuid = {30E34FB6-E3D9-498F-8BB7-7CD8284FAF31}
	EndGlobalSection
EndGlobal
